
Microsoft Visual Studio Solution File, Format Version 12.00
# Visual Studio Version 17
VisualStudioVersion = 17.3.32922.545
MinimumVisualStudioVersion = 10.0.40219.1
Project("{FAE04EC0-301F-11D3-BF4B-00C04F79EFBC}") = "1-3 计算油费", "1-3 计算油费\1-3 计算油费.csproj", "{E6D56E04-3AF4-46D5-9B65-F4E1EFAC1DE2}"
EndProject
Project("{FAE04EC0-301F-11D3-BF4B-00C04F79EFBC}") = "1-5 输出闰年", "1-5 输出闰年\1-5 输出闰年.csproj", "{9A07042B-28E1-48C5-B315-A03D0BB4161A}"
EndProject
Project("{FAE04EC0-301F-11D3-BF4B-00C04F79EFBC}") = "1-7 求整数的位数及各位数字之和", "1-7 求整数的位数及各位数字之和\1-7 求整数的位数及各位数字之和.csproj", "{51066017-E2E7-4604-BDCB-E2399B49FD80}"
EndProject
Project("{FAE04EC0-301F-11D3-BF4B-00C04F79EFBC}") = "1-15 查询水果价格", "1-15 查询水果价格\1-15 查询水果价格.csproj", "{8CCC5115-20E0-448A-8267-391A49AC7EB7}"
EndProject
Global
	GlobalSection(SolutionConfigurationPlatforms) = preSolution
		Debug|Any CPU = Debug|Any CPU
		Release|Any CPU = Release|Any CPU
	EndGlobalSection
	GlobalSection(ProjectConfigurationPlatforms) = postSolution
		{E6D56E04-3AF4-46D5-9B65-F4E1EFAC1DE2}.Debug|Any CPU.ActiveCfg = Debug|Any CPU
		{E6D56E04-3AF4-46D5-9B65-F4E1EFAC1DE2}.Debug|Any CPU.Build.0 = Debug|Any CPU
		{E6D56E04-3AF4-46D5-9B65-F4E1EFAC1DE2}.Release|Any CPU.ActiveCfg = Release|Any CPU
		{E6D56E04-3AF4-46D5-9B65-F4E1EFAC1DE2}.Release|Any CPU.Build.0 = Release|Any CPU
		{9A07042B-28E1-48C5-B315-A03D0BB4161A}.Debug|Any CPU.ActiveCfg = Debug|Any CPU
		{9A07042B-28E1-48C5-B315-A03D0BB4161A}.Debug|Any CPU.Build.0 = Debug|Any CPU
		{9A07042B-28E1-48C5-B315-A03D0BB4161A}.Release|Any CPU.ActiveCfg = Release|Any CPU
		{9A07042B-28E1-48C5-B315-A03D0BB4161A}.Release|Any CPU.Build.0 = Release|Any CPU
		{51066017-E2E7-4604-BDCB-E2399B49FD80}.Debug|Any CPU.ActiveCfg = Debug|Any CPU
		{51066017-E2E7-4604-BDCB-E2399B49FD80}.Debug|Any CPU.Build.0 = Debug|Any CPU
		{51066017-E2E7-4604-BDCB-E2399B49FD80}.Release|Any CPU.ActiveCfg = Release|Any CPU
		{51066017-E2E7-4604-BDCB-E2399B49FD80}.Release|Any CPU.Build.0 = Release|Any CPU
		{8CCC5115-20E0-448A-8267-391A49AC7EB7}.Debug|Any CPU.ActiveCfg = Debug|Any CPU
		{8CCC5115-20E0-448A-8267-391A49AC7EB7}.Debug|Any CPU.Build.0 = Debug|Any CPU
		{8CCC5115-20E0-448A-8267-391A49AC7EB7}.Release|Any CPU.ActiveCfg = Release|Any CPU
		{8CCC5115-20E0-448A-8267-391A49AC7EB7}.Release|Any CPU.Build.0 = Release|Any CPU
	EndGlobalSection
	GlobalSection(SolutionProperties) = preSolution
		HideSolutionNode = FALSE
	EndGlobalSection
	GlobalSection(ExtensibilityGlobals) = postSolution
		SolutionGuid = {34E72019-AF20-40E6-A1E3-0236D4A00745}
	EndGlobalSection
EndGlobal
