
Microsoft Visual Studio Solution File, Format Version 12.00
# Visual Studio Version 17
VisualStudioVersion = 17.4.33110.190
MinimumVisualStudioVersion = 10.0.40219.1
Project("{FAE04EC0-301F-11D3-BF4B-00C04F79EFBC}") = "7-1 求素数的个数", "7-1 求素数的个数\7-1 求素数的个数.csproj", "{EFD0CF15-30EF-4A91-920D-46727AA92FBF}"
EndProject
Project("{FAE04EC0-301F-11D3-BF4B-00C04F79EFBC}") = "7-2 求矩阵副对角线元素之和。", "7-2 求矩阵副对角线元素之和。\7-2 求矩阵副对角线元素之和。.csproj", "{8F87A765-FB17-4183-8358-BE2BE94B3AFB}"
EndProject
Project("{FAE04EC0-301F-11D3-BF4B-00C04F79EFBC}") = "7-3 总年龄。", "7-3 总年龄。\7-3 总年龄。.csproj", "{7E31FE03-18F1-4B34-BE0D-9935EB678DB4}"
EndProject
Global
	GlobalSection(SolutionConfigurationPlatforms) = preSolution
		Debug|Any CPU = Debug|Any CPU
		Release|Any CPU = Release|Any CPU
	EndGlobalSection
	GlobalSection(ProjectConfigurationPlatforms) = postSolution
		{EFD0CF15-30EF-4A91-920D-46727AA92FBF}.Debug|Any CPU.ActiveCfg = Debug|Any CPU
		{EFD0CF15-30EF-4A91-920D-46727AA92FBF}.Debug|Any CPU.Build.0 = Debug|Any CPU
		{EFD0CF15-30EF-4A91-920D-46727AA92FBF}.Release|Any CPU.ActiveCfg = Release|Any CPU
		{EFD0CF15-30EF-4A91-920D-46727AA92FBF}.Release|Any CPU.Build.0 = Release|Any CPU
		{8F87A765-FB17-4183-8358-BE2BE94B3AFB}.Debug|Any CPU.ActiveCfg = Debug|Any CPU
		{8F87A765-FB17-4183-8358-BE2BE94B3AFB}.Debug|Any CPU.Build.0 = Debug|Any CPU
		{8F87A765-FB17-4183-8358-BE2BE94B3AFB}.Release|Any CPU.ActiveCfg = Release|Any CPU
		{8F87A765-FB17-4183-8358-BE2BE94B3AFB}.Release|Any CPU.Build.0 = Release|Any CPU
		{7E31FE03-18F1-4B34-BE0D-9935EB678DB4}.Debug|Any CPU.ActiveCfg = Debug|Any CPU
		{7E31FE03-18F1-4B34-BE0D-9935EB678DB4}.Debug|Any CPU.Build.0 = Debug|Any CPU
		{7E31FE03-18F1-4B34-BE0D-9935EB678DB4}.Release|Any CPU.ActiveCfg = Release|Any CPU
		{7E31FE03-18F1-4B34-BE0D-9935EB678DB4}.Release|Any CPU.Build.0 = Release|Any CPU
	EndGlobalSection
	GlobalSection(SolutionProperties) = preSolution
		HideSolutionNode = FALSE
	EndGlobalSection
	GlobalSection(ExtensibilityGlobals) = postSolution
		SolutionGuid = {B6F87594-D68E-4323-B62A-95F4509C4D4F}
	EndGlobalSection
EndGlobal
