
Microsoft Visual Studio Solution File, Format Version 12.00
# Visual Studio Version 17
VisualStudioVersion = 17.4.33110.190
MinimumVisualStudioVersion = 10.0.40219.1
Project("{FAE04EC0-301F-11D3-BF4B-00C04F79EFBC}") = "1-1 输出乘积结果。", "1-1 输出乘积结果。\1-1 输出乘积结果。.csproj", "{7218FE76-87FB-4AA0-8A53-B167A63183DB}"
EndProject
Project("{FAE04EC0-301F-11D3-BF4B-00C04F79EFBC}") = "1-2 求和", "1-2 求和\1-2 求和.csproj", "{D4BE517D-84CD-4547-AE05-2ABFA99AC566}"
EndProject
Project("{FAE04EC0-301F-11D3-BF4B-00C04F79EFBC}") = "1-3 统计字符的个数。", "1-3 统计字符的个数。\1-3 统计字符的个数。.csproj", "{3994233E-4E30-49F4-9570-AB3E4B20624D}"
EndProject
Project("{FAE04EC0-301F-11D3-BF4B-00C04F79EFBC}") = "1-4 补充程序", "1-4 补充程序\1-4 补充程序.csproj", "{11026CE7-B2E4-4939-8F11-DAEC466155AF}"
EndProject
Project("{FAE04EC0-301F-11D3-BF4B-00C04F79EFBC}") = "1-5 计算阶乘", "1-5 计算阶乘\1-5 计算阶乘.csproj", "{EFC913A4-460D-4E2F-82D9-83ACE4170436}"
EndProject
Project("{FAE04EC0-301F-11D3-BF4B-00C04F79EFBC}") = "2-1 输出学生的成绩等级", "2-1 输出学生的成绩等级\2-1 输出学生的成绩等级.csproj", "{B818A583-1A24-42C5-913A-153BF775E8EF}"
EndProject
Project("{FAE04EC0-301F-11D3-BF4B-00C04F79EFBC}") = "2-2 求各位数字之和。", "2-2 求各位数字之和。\2-2 求各位数字之和。.csproj", "{E9437006-7E09-4DE2-8A30-60CFB2BC331A}"
EndProject
Project("{FAE04EC0-301F-11D3-BF4B-00C04F79EFBC}") = "2-3 找出给定的 n 个数中的最大值，和n个数的和。", "2-3 找出给定的 n 个数中的最大值，和n个数的和。\2-3 找出给定的 n 个数中的最大值，和n个数的和。.csproj", "{964299FF-9F52-4383-A335-FF5A9B201EEA}"
EndProject
Project("{FAE04EC0-301F-11D3-BF4B-00C04F79EFBC}") = "2-4 求矩阵周边元素的和", "2-4 求矩阵周边元素的和\2-4 求矩阵周边元素的和.csproj", "{BC87475A-91E2-41CC-8A16-B49514C37542}"
EndProject
Project("{FAE04EC0-301F-11D3-BF4B-00C04F79EFBC}") = "2-5 N阶方阵的转置", "2-5 N阶方阵的转置\2-5 N阶方阵的转置.csproj", "{7536F446-6DF7-4C34-92EE-291A6C007F68}"
EndProject
Global
	GlobalSection(SolutionConfigurationPlatforms) = preSolution
		Debug|Any CPU = Debug|Any CPU
		Release|Any CPU = Release|Any CPU
	EndGlobalSection
	GlobalSection(ProjectConfigurationPlatforms) = postSolution
		{7218FE76-87FB-4AA0-8A53-B167A63183DB}.Debug|Any CPU.ActiveCfg = Debug|Any CPU
		{7218FE76-87FB-4AA0-8A53-B167A63183DB}.Debug|Any CPU.Build.0 = Debug|Any CPU
		{7218FE76-87FB-4AA0-8A53-B167A63183DB}.Release|Any CPU.ActiveCfg = Release|Any CPU
		{7218FE76-87FB-4AA0-8A53-B167A63183DB}.Release|Any CPU.Build.0 = Release|Any CPU
		{D4BE517D-84CD-4547-AE05-2ABFA99AC566}.Debug|Any CPU.ActiveCfg = Debug|Any CPU
		{D4BE517D-84CD-4547-AE05-2ABFA99AC566}.Debug|Any CPU.Build.0 = Debug|Any CPU
		{D4BE517D-84CD-4547-AE05-2ABFA99AC566}.Release|Any CPU.ActiveCfg = Release|Any CPU
		{D4BE517D-84CD-4547-AE05-2ABFA99AC566}.Release|Any CPU.Build.0 = Release|Any CPU
		{3994233E-4E30-49F4-9570-AB3E4B20624D}.Debug|Any CPU.ActiveCfg = Debug|Any CPU
		{3994233E-4E30-49F4-9570-AB3E4B20624D}.Debug|Any CPU.Build.0 = Debug|Any CPU
		{3994233E-4E30-49F4-9570-AB3E4B20624D}.Release|Any CPU.ActiveCfg = Release|Any CPU
		{3994233E-4E30-49F4-9570-AB3E4B20624D}.Release|Any CPU.Build.0 = Release|Any CPU
		{11026CE7-B2E4-4939-8F11-DAEC466155AF}.Debug|Any CPU.ActiveCfg = Debug|Any CPU
		{11026CE7-B2E4-4939-8F11-DAEC466155AF}.Debug|Any CPU.Build.0 = Debug|Any CPU
		{11026CE7-B2E4-4939-8F11-DAEC466155AF}.Release|Any CPU.ActiveCfg = Release|Any CPU
		{11026CE7-B2E4-4939-8F11-DAEC466155AF}.Release|Any CPU.Build.0 = Release|Any CPU
		{EFC913A4-460D-4E2F-82D9-83ACE4170436}.Debug|Any CPU.ActiveCfg = Debug|Any CPU
		{EFC913A4-460D-4E2F-82D9-83ACE4170436}.Debug|Any CPU.Build.0 = Debug|Any CPU
		{EFC913A4-460D-4E2F-82D9-83ACE4170436}.Release|Any CPU.ActiveCfg = Release|Any CPU
		{EFC913A4-460D-4E2F-82D9-83ACE4170436}.Release|Any CPU.Build.0 = Release|Any CPU
		{B818A583-1A24-42C5-913A-153BF775E8EF}.Debug|Any CPU.ActiveCfg = Debug|Any CPU
		{B818A583-1A24-42C5-913A-153BF775E8EF}.Debug|Any CPU.Build.0 = Debug|Any CPU
		{B818A583-1A24-42C5-913A-153BF775E8EF}.Release|Any CPU.ActiveCfg = Release|Any CPU
		{B818A583-1A24-42C5-913A-153BF775E8EF}.Release|Any CPU.Build.0 = Release|Any CPU
		{E9437006-7E09-4DE2-8A30-60CFB2BC331A}.Debug|Any CPU.ActiveCfg = Debug|Any CPU
		{E9437006-7E09-4DE2-8A30-60CFB2BC331A}.Debug|Any CPU.Build.0 = Debug|Any CPU
		{E9437006-7E09-4DE2-8A30-60CFB2BC331A}.Release|Any CPU.ActiveCfg = Release|Any CPU
		{E9437006-7E09-4DE2-8A30-60CFB2BC331A}.Release|Any CPU.Build.0 = Release|Any CPU
		{964299FF-9F52-4383-A335-FF5A9B201EEA}.Debug|Any CPU.ActiveCfg = Debug|Any CPU
		{964299FF-9F52-4383-A335-FF5A9B201EEA}.Debug|Any CPU.Build.0 = Debug|Any CPU
		{964299FF-9F52-4383-A335-FF5A9B201EEA}.Release|Any CPU.ActiveCfg = Release|Any CPU
		{964299FF-9F52-4383-A335-FF5A9B201EEA}.Release|Any CPU.Build.0 = Release|Any CPU
		{BC87475A-91E2-41CC-8A16-B49514C37542}.Debug|Any CPU.ActiveCfg = Debug|Any CPU
		{BC87475A-91E2-41CC-8A16-B49514C37542}.Debug|Any CPU.Build.0 = Debug|Any CPU
		{BC87475A-91E2-41CC-8A16-B49514C37542}.Release|Any CPU.ActiveCfg = Release|Any CPU
		{BC87475A-91E2-41CC-8A16-B49514C37542}.Release|Any CPU.Build.0 = Release|Any CPU
		{7536F446-6DF7-4C34-92EE-291A6C007F68}.Debug|Any CPU.ActiveCfg = Debug|Any CPU
		{7536F446-6DF7-4C34-92EE-291A6C007F68}.Debug|Any CPU.Build.0 = Debug|Any CPU
		{7536F446-6DF7-4C34-92EE-291A6C007F68}.Release|Any CPU.ActiveCfg = Release|Any CPU
		{7536F446-6DF7-4C34-92EE-291A6C007F68}.Release|Any CPU.Build.0 = Release|Any CPU
	EndGlobalSection
	GlobalSection(SolutionProperties) = preSolution
		HideSolutionNode = FALSE
	EndGlobalSection
	GlobalSection(ExtensibilityGlobals) = postSolution
		SolutionGuid = {C719C3F5-37A7-482C-A943-0CE79AD4147F}
	EndGlobalSection
EndGlobal
