
Microsoft Visual Studio Solution File, Format Version 12.00
# Visual Studio Version 17
VisualStudioVersion = 17.4.33110.190
MinimumVisualStudioVersion = 10.0.40219.1
Project("{FAE04EC0-301F-11D3-BF4B-00C04F79EFBC}") = "1-1 期末成绩合成", "1-1 期末成绩合成\1-1 期末成绩合成.csproj", "{EEE3A596-0746-4F8E-A4F0-383F74C2B140}"
EndProject
Project("{FAE04EC0-301F-11D3-BF4B-00C04F79EFBC}") = "1-2 字符三角形", "1-2 字符三角形\1-2 字符三角形.csproj", "{08341061-FD9B-47D7-8757-8D04F2ED76B6}"
EndProject
Project("{FAE04EC0-301F-11D3-BF4B-00C04F79EFBC}") = "1-3 漆膜成绩一分一段", "1-3 漆膜成绩一分一段\1-3 漆膜成绩一分一段.csproj", "{2E7D523A-7E05-4D2B-A166-EAEC83D131B5}"
EndProject
Project("{FAE04EC0-301F-11D3-BF4B-00C04F79EFBC}") = "1-4 尾号限行", "1-4 尾号限行\1-4 尾号限行.csproj", "{1389264B-B781-4E48-AC2E-4564A1A0E4C5}"
EndProject
Project("{FAE04EC0-301F-11D3-BF4B-00C04F79EFBC}") = "2-1 买铅笔", "2-1 买铅笔\2-1 买铅笔.csproj", "{ECD5F714-E32D-4A04-862E-B12A6467184B}"
EndProject
Project("{FAE04EC0-301F-11D3-BF4B-00C04F79EFBC}") = "2-2 优惠购物", "2-2 优惠购物\2-2 优惠购物.csproj", "{19B2FDF4-A1DD-482B-8258-7279B6E45872}"
EndProject
Project("{FAE04EC0-301F-11D3-BF4B-00C04F79EFBC}") = "2-03 停车场收费", "2-03 停车场收费\2-03 停车场收费.csproj", "{0DBFE033-02CF-4DE5-909D-2DE3F776F076}"
EndProject
Project("{FAE04EC0-301F-11D3-BF4B-00C04F79EFBC}") = "2-4 创新学分计算", "2-4 创新学分计算\2-4 创新学分计算.csproj", "{0AD540A8-D479-4356-B3D3-66A1D1B6E8DD}"
EndProject
Project("{FAE04EC0-301F-11D3-BF4B-00C04F79EFBC}") = "2-5 扫雷", "2-5 扫雷\2-5 扫雷.csproj", "{2CB6CFEA-EB50-4179-9D6F-3573241B2A35}"
EndProject
Global
	GlobalSection(SolutionConfigurationPlatforms) = preSolution
		Debug|Any CPU = Debug|Any CPU
		Release|Any CPU = Release|Any CPU
	EndGlobalSection
	GlobalSection(ProjectConfigurationPlatforms) = postSolution
		{EEE3A596-0746-4F8E-A4F0-383F74C2B140}.Debug|Any CPU.ActiveCfg = Debug|Any CPU
		{EEE3A596-0746-4F8E-A4F0-383F74C2B140}.Debug|Any CPU.Build.0 = Debug|Any CPU
		{EEE3A596-0746-4F8E-A4F0-383F74C2B140}.Release|Any CPU.ActiveCfg = Release|Any CPU
		{EEE3A596-0746-4F8E-A4F0-383F74C2B140}.Release|Any CPU.Build.0 = Release|Any CPU
		{08341061-FD9B-47D7-8757-8D04F2ED76B6}.Debug|Any CPU.ActiveCfg = Debug|Any CPU
		{08341061-FD9B-47D7-8757-8D04F2ED76B6}.Debug|Any CPU.Build.0 = Debug|Any CPU
		{08341061-FD9B-47D7-8757-8D04F2ED76B6}.Release|Any CPU.ActiveCfg = Release|Any CPU
		{08341061-FD9B-47D7-8757-8D04F2ED76B6}.Release|Any CPU.Build.0 = Release|Any CPU
		{2E7D523A-7E05-4D2B-A166-EAEC83D131B5}.Debug|Any CPU.ActiveCfg = Debug|Any CPU
		{2E7D523A-7E05-4D2B-A166-EAEC83D131B5}.Debug|Any CPU.Build.0 = Debug|Any CPU
		{2E7D523A-7E05-4D2B-A166-EAEC83D131B5}.Release|Any CPU.ActiveCfg = Release|Any CPU
		{2E7D523A-7E05-4D2B-A166-EAEC83D131B5}.Release|Any CPU.Build.0 = Release|Any CPU
		{1389264B-B781-4E48-AC2E-4564A1A0E4C5}.Debug|Any CPU.ActiveCfg = Debug|Any CPU
		{1389264B-B781-4E48-AC2E-4564A1A0E4C5}.Debug|Any CPU.Build.0 = Debug|Any CPU
		{1389264B-B781-4E48-AC2E-4564A1A0E4C5}.Release|Any CPU.ActiveCfg = Release|Any CPU
		{1389264B-B781-4E48-AC2E-4564A1A0E4C5}.Release|Any CPU.Build.0 = Release|Any CPU
		{ECD5F714-E32D-4A04-862E-B12A6467184B}.Debug|Any CPU.ActiveCfg = Debug|Any CPU
		{ECD5F714-E32D-4A04-862E-B12A6467184B}.Debug|Any CPU.Build.0 = Debug|Any CPU
		{ECD5F714-E32D-4A04-862E-B12A6467184B}.Release|Any CPU.ActiveCfg = Release|Any CPU
		{ECD5F714-E32D-4A04-862E-B12A6467184B}.Release|Any CPU.Build.0 = Release|Any CPU
		{19B2FDF4-A1DD-482B-8258-7279B6E45872}.Debug|Any CPU.ActiveCfg = Debug|Any CPU
		{19B2FDF4-A1DD-482B-8258-7279B6E45872}.Debug|Any CPU.Build.0 = Debug|Any CPU
		{19B2FDF4-A1DD-482B-8258-7279B6E45872}.Release|Any CPU.ActiveCfg = Release|Any CPU
		{19B2FDF4-A1DD-482B-8258-7279B6E45872}.Release|Any CPU.Build.0 = Release|Any CPU
		{0DBFE033-02CF-4DE5-909D-2DE3F776F076}.Debug|Any CPU.ActiveCfg = Debug|Any CPU
		{0DBFE033-02CF-4DE5-909D-2DE3F776F076}.Debug|Any CPU.Build.0 = Debug|Any CPU
		{0DBFE033-02CF-4DE5-909D-2DE3F776F076}.Release|Any CPU.ActiveCfg = Release|Any CPU
		{0DBFE033-02CF-4DE5-909D-2DE3F776F076}.Release|Any CPU.Build.0 = Release|Any CPU
		{0AD540A8-D479-4356-B3D3-66A1D1B6E8DD}.Debug|Any CPU.ActiveCfg = Debug|Any CPU
		{0AD540A8-D479-4356-B3D3-66A1D1B6E8DD}.Debug|Any CPU.Build.0 = Debug|Any CPU
		{0AD540A8-D479-4356-B3D3-66A1D1B6E8DD}.Release|Any CPU.ActiveCfg = Release|Any CPU
		{0AD540A8-D479-4356-B3D3-66A1D1B6E8DD}.Release|Any CPU.Build.0 = Release|Any CPU
		{2CB6CFEA-EB50-4179-9D6F-3573241B2A35}.Debug|Any CPU.ActiveCfg = Debug|Any CPU
		{2CB6CFEA-EB50-4179-9D6F-3573241B2A35}.Debug|Any CPU.Build.0 = Debug|Any CPU
		{2CB6CFEA-EB50-4179-9D6F-3573241B2A35}.Release|Any CPU.ActiveCfg = Release|Any CPU
		{2CB6CFEA-EB50-4179-9D6F-3573241B2A35}.Release|Any CPU.Build.0 = Release|Any CPU
	EndGlobalSection
	GlobalSection(SolutionProperties) = preSolution
		HideSolutionNode = FALSE
	EndGlobalSection
	GlobalSection(ExtensibilityGlobals) = postSolution
		SolutionGuid = {CBDDF9C3-FE43-45B7-97D0-02CF1E70D7EF}
	EndGlobalSection
EndGlobal
