
Microsoft Visual Studio Solution File, Format Version 12.00
# Visual Studio Version 17
VisualStudioVersion = 17.3.32929.385
MinimumVisualStudioVersion = 10.0.40219.1
Project("{FAE04EC0-301F-11D3-BF4B-00C04F79EFBC}") = "1-1 阶梯电价", "1-1 阶梯电价\1-1 阶梯电价.csproj", "{43E3A4DE-9AFA-4E96-A32B-3A74D286CB0B}"
EndProject
Project("{FAE04EC0-301F-11D3-BF4B-00C04F79EFBC}") = "7-34 简化的插入排序", "7-34 简化的插入排序\7-34 简化的插入排序.csproj", "{1CBA0DCC-DD1F-4E55-BAF4-89ACAF9BC4CF}"
EndProject
Project("{FAE04EC0-301F-11D3-BF4B-00C04F79EFBC}") = "3-6 IP地址转换", "3-6 IP地址转换\3-6 IP地址转换.csproj", "{D6478F31-1140-4721-9C7E-67B1F55BB30A}"
EndProject
Project("{FAE04EC0-301F-11D3-BF4B-00C04F79EFBC}") = "3-9 矩阵转置", "3-9 矩阵转置\3-9 矩阵转置.csproj", "{72D002CF-A0D1-4626-B239-CE76EA56AFDD}"
EndProject
Project("{FAE04EC0-301F-11D3-BF4B-00C04F79EFBC}") = "3-8 方阵主对角线元素和以及副对角线元素的积", "3-8 方阵主对角线元素和以及副对角线元素的积\3-8 方阵主对角线元素和以及副对角线元素的积.csproj", "{36CBF95B-978D-436B-A677-E5F836EB7C60}"
EndProject
Project("{FAE04EC0-301F-11D3-BF4B-00C04F79EFBC}") = "3-7 把一个字符串中的所有字符按从小到大排序", "3-7 把一个字符串中的所有字符按从小到大排序\3-7 把一个字符串中的所有字符按从小到大排序.csproj", "{499B6B0D-9473-4422-8EE0-D2B3FE45CF28}"
EndProject
Project("{FAE04EC0-301F-11D3-BF4B-00C04F79EFBC}") = "7-31 求组合数", "7-31 求组合数\7-31 求组合数.csproj", "{CD6C2E5A-F06C-4666-B0C6-A3EFF0B17C2B}"
EndProject
Project("{FAE04EC0-301F-11D3-BF4B-00C04F79EFBC}") = "3-10 古风排版", "3-10 古风排版\3-10 古风排版.csproj", "{618CD689-D1A4-4502-969C-20B21577E108}"
EndProject
Project("{FAE04EC0-301F-11D3-BF4B-00C04F79EFBC}") = "7-32 英文单词排序", "7-32 英文单词排序\7-32 英文单词排序.csproj", "{949F1D44-4529-4CE4-8FF0-E58301CA8682}"
EndProject
Project("{FAE04EC0-301F-11D3-BF4B-00C04F79EFBC}") = "7-33 求整数序列中出现次数最多的数", "7-33 求整数序列中出现次数最多的数\7-33 求整数序列中出现次数最多的数.csproj", "{2E617130-5536-4D86-B638-CD2DEBD7B8C6}"
EndProject
Project("{FAE04EC0-301F-11D3-BF4B-00C04F79EFBC}") = "3-5 螺旋方阵", "3-5 螺旋方阵\3-5 螺旋方阵.csproj", "{9AFA06D5-17D0-4646-8340-DCF165FDB001}"
EndProject
Project("{FAE04EC0-301F-11D3-BF4B-00C04F79EFBC}") = "3-3 求矩阵各行元素之和", "3-3 求矩阵各行元素之和\3-3 求矩阵各行元素之和.csproj", "{4763651C-AE32-4863-A4EE-C475954D051F}"
EndProject
Project("{FAE04EC0-301F-11D3-BF4B-00C04F79EFBC}") = "3-2 找出不是两个数组共有的元素", "3-2 找出不是两个数组共有的元素\3-2 找出不是两个数组共有的元素.csproj", "{BC7CD3E4-60F3-45D2-A2E2-5E63E9968540}"
EndProject
Project("{FAE04EC0-301F-11D3-BF4B-00C04F79EFBC}") = "3-1 求最大值及其下标", "3-1 求最大值及其下标\3-1 求最大值及其下标.csproj", "{32BC069E-9545-4CD3-AA2C-1126AECBDB19}"
EndProject
Project("{FAE04EC0-301F-11D3-BF4B-00C04F79EFBC}") = "2-8 计算分段函数[3]", "2-8 计算分段函数[3]\2-8 计算分段函数[3].csproj", "{E84D2507-A317-4917-9B69-E03B4BCDAFF0}"
EndProject
Project("{FAE04EC0-301F-11D3-BF4B-00C04F79EFBC}") = "2-3 求奇数和", "2-3 求奇数和\2-3 求奇数和.csproj", "{D4AAA110-962C-4709-965D-69A1C230D5FB}"
EndProject
Project("{FAE04EC0-301F-11D3-BF4B-00C04F79EFBC}") = "1-8 分段计算居民水费", "1-8 分段计算居民水费\1-8 分段计算居民水费.csproj", "{2ADECF52-D3FA-4C44-AE53-A93E6C4AF3DC}"
EndProject
Project("{FAE04EC0-301F-11D3-BF4B-00C04F79EFBC}") = "1-3 计算摄氏温度", "1-3 计算摄氏温度\1-3 计算摄氏温度.csproj", "{48651CE0-BCE6-4864-A62E-4EC7B83182B9}"
EndProject
Project("{FAE04EC0-301F-11D3-BF4B-00C04F79EFBC}") = "1-5 逆序的三位数", "1-5 逆序的三位数\1-5 逆序的三位数.csproj", "{8CF0D703-B776-46A9-B4C6-733DD1F32A61}"
EndProject
Project("{FAE04EC0-301F-11D3-BF4B-00C04F79EFBC}") = "2-10 是不是太胖了", "2-10 是不是太胖了\2-10 是不是太胖了.csproj", "{4AD54E57-139B-480D-9A5A-76BB06A58B77}"
EndProject
Project("{FAE04EC0-301F-11D3-BF4B-00C04F79EFBC}") = "2-6 兔子繁衍问题", "2-6 兔子繁衍问题\2-6 兔子繁衍问题.csproj", "{737BDB33-4265-42C5-92AE-F1C379534771}"
EndProject
Project("{FAE04EC0-301F-11D3-BF4B-00C04F79EFBC}") = "2-7 字符串逆序", "2-7 字符串逆序\2-7 字符串逆序.csproj", "{C34B1024-72B1-4123-9D10-6441EA510D45}"
EndProject
Project("{FAE04EC0-301F-11D3-BF4B-00C04F79EFBC}") = "2-9 判断素数", "2-9 判断素数\2-9 判断素数.csproj", "{C3C61A1D-B119-47B8-8752-A38F9FBF4DE0}"
EndProject
Project("{8BC9CEB8-8B4A-11D0-8D11-00A0C91BC942}") = "2-9 判断素数(Cpp)", "2-9 判断素数(Cpp)\2-9 判断素数(Cpp).vcxproj", "{6DD4EFF0-90DC-4770-B8D3-CDB491C8B5F4}"
EndProject
Project("{FAE04EC0-301F-11D3-BF4B-00C04F79EFBC}") = "2-5 猴子吃桃问题", "2-5 猴子吃桃问题\2-5 猴子吃桃问题.csproj", "{52C9EBCD-8D0E-44D2-9773-0F854588B091}"
EndProject
Project("{FAE04EC0-301F-11D3-BF4B-00C04F79EFBC}") = "2-4 最大公约数和最小公倍数", "2-4 最大公约数和最小公倍数\2-4 最大公约数和最小公倍数.csproj", "{12F650AF-8E8D-4D88-94FA-0F49316087CF}"
EndProject
Project("{FAE04EC0-301F-11D3-BF4B-00C04F79EFBC}") = "2-2 出租车计价", "2-2 出租车计价\2-2 出租车计价.csproj", "{D68AF374-A653-4AA0-875A-2D1D1F22B42C}"
EndProject
Project("{8BC9CEB8-8B4A-11D0-8D11-00A0C91BC942}") = "2-2 出租车计价(Cpp)", "2-2 出租车计价(Cpp)\2-2 出租车计价(Cpp).vcxproj", "{453C1450-3D32-403C-9208-C350AA8165A5}"
EndProject
Project("{FAE04EC0-301F-11D3-BF4B-00C04F79EFBC}") = "2-1 求奇数分之一序列前N项和", "2-1 求奇数分之一序列前N项和\2-1 求奇数分之一序列前N项和.csproj", "{C32EF34C-393B-4860-B0C7-547FAA351476}"
EndProject
Project("{FAE04EC0-301F-11D3-BF4B-00C04F79EFBC}") = "1-10 计算阶乘和", "1-10 计算阶乘和\1-10 计算阶乘和.csproj", "{900944F4-40F2-4B4C-BEEB-80BA176A1A4F}"
EndProject
Project("{FAE04EC0-301F-11D3-BF4B-00C04F79EFBC}") = "1-9 厘米换算英尺英寸", "1-9 厘米换算英尺英寸\1-9 厘米换算英尺英寸.csproj", "{8BEAACAD-FDBB-4AA2-B170-512B5A84729B}"
EndProject
Project("{FAE04EC0-301F-11D3-BF4B-00C04F79EFBC}") = "1-7 求整数的位数及各位数字之和", "1-7 求整数的位数及各位数字之和\1-7 求整数的位数及各位数字之和.csproj", "{6B7594B9-3829-4592-8CC1-49CDAB95C5C4}"
EndProject
Project("{FAE04EC0-301F-11D3-BF4B-00C04F79EFBC}") = "1-6 求N分之一序列前N项和", "1-6 求N分之一序列前N项和\1-6 求N分之一序列前N项和.csproj", "{6F3127CA-8D6C-42D9-AF19-C361AE59447A}"
EndProject
Project("{FAE04EC0-301F-11D3-BF4B-00C04F79EFBC}") = "1-2 输出闰年", "1-2 输出闰年\1-2 输出闰年.csproj", "{3419AB67-F892-4AD8-A88A-1AF7BDD75602}"
EndProject
Project("{FAE04EC0-301F-11D3-BF4B-00C04F79EFBC}") = "1-4 计算个人所得税", "1-4 计算个人所得税\1-4 计算个人所得税.csproj", "{74060B86-2BD0-495A-86F9-4D2A8A00730F}"
EndProject
Global
	GlobalSection(SolutionConfigurationPlatforms) = preSolution
		Debug|Any CPU = Debug|Any CPU
		Debug|x64 = Debug|x64
		Debug|x86 = Debug|x86
		Release|Any CPU = Release|Any CPU
		Release|x64 = Release|x64
		Release|x86 = Release|x86
	EndGlobalSection
	GlobalSection(ProjectConfigurationPlatforms) = postSolution
		{43E3A4DE-9AFA-4E96-A32B-3A74D286CB0B}.Debug|Any CPU.ActiveCfg = Debug|Any CPU
		{43E3A4DE-9AFA-4E96-A32B-3A74D286CB0B}.Debug|Any CPU.Build.0 = Debug|Any CPU
		{43E3A4DE-9AFA-4E96-A32B-3A74D286CB0B}.Debug|x64.ActiveCfg = Debug|Any CPU
		{43E3A4DE-9AFA-4E96-A32B-3A74D286CB0B}.Debug|x64.Build.0 = Debug|Any CPU
		{43E3A4DE-9AFA-4E96-A32B-3A74D286CB0B}.Debug|x86.ActiveCfg = Debug|Any CPU
		{43E3A4DE-9AFA-4E96-A32B-3A74D286CB0B}.Debug|x86.Build.0 = Debug|Any CPU
		{43E3A4DE-9AFA-4E96-A32B-3A74D286CB0B}.Release|Any CPU.ActiveCfg = Release|Any CPU
		{43E3A4DE-9AFA-4E96-A32B-3A74D286CB0B}.Release|Any CPU.Build.0 = Release|Any CPU
		{43E3A4DE-9AFA-4E96-A32B-3A74D286CB0B}.Release|x64.ActiveCfg = Release|Any CPU
		{43E3A4DE-9AFA-4E96-A32B-3A74D286CB0B}.Release|x64.Build.0 = Release|Any CPU
		{43E3A4DE-9AFA-4E96-A32B-3A74D286CB0B}.Release|x86.ActiveCfg = Release|Any CPU
		{43E3A4DE-9AFA-4E96-A32B-3A74D286CB0B}.Release|x86.Build.0 = Release|Any CPU
		{1CBA0DCC-DD1F-4E55-BAF4-89ACAF9BC4CF}.Debug|Any CPU.ActiveCfg = Debug|Any CPU
		{1CBA0DCC-DD1F-4E55-BAF4-89ACAF9BC4CF}.Debug|Any CPU.Build.0 = Debug|Any CPU
		{1CBA0DCC-DD1F-4E55-BAF4-89ACAF9BC4CF}.Debug|x64.ActiveCfg = Debug|Any CPU
		{1CBA0DCC-DD1F-4E55-BAF4-89ACAF9BC4CF}.Debug|x64.Build.0 = Debug|Any CPU
		{1CBA0DCC-DD1F-4E55-BAF4-89ACAF9BC4CF}.Debug|x86.ActiveCfg = Debug|Any CPU
		{1CBA0DCC-DD1F-4E55-BAF4-89ACAF9BC4CF}.Debug|x86.Build.0 = Debug|Any CPU
		{1CBA0DCC-DD1F-4E55-BAF4-89ACAF9BC4CF}.Release|Any CPU.ActiveCfg = Release|Any CPU
		{1CBA0DCC-DD1F-4E55-BAF4-89ACAF9BC4CF}.Release|Any CPU.Build.0 = Release|Any CPU
		{1CBA0DCC-DD1F-4E55-BAF4-89ACAF9BC4CF}.Release|x64.ActiveCfg = Release|Any CPU
		{1CBA0DCC-DD1F-4E55-BAF4-89ACAF9BC4CF}.Release|x64.Build.0 = Release|Any CPU
		{1CBA0DCC-DD1F-4E55-BAF4-89ACAF9BC4CF}.Release|x86.ActiveCfg = Release|Any CPU
		{1CBA0DCC-DD1F-4E55-BAF4-89ACAF9BC4CF}.Release|x86.Build.0 = Release|Any CPU
		{D6478F31-1140-4721-9C7E-67B1F55BB30A}.Debug|Any CPU.ActiveCfg = Debug|Any CPU
		{D6478F31-1140-4721-9C7E-67B1F55BB30A}.Debug|Any CPU.Build.0 = Debug|Any CPU
		{D6478F31-1140-4721-9C7E-67B1F55BB30A}.Debug|x64.ActiveCfg = Debug|Any CPU
		{D6478F31-1140-4721-9C7E-67B1F55BB30A}.Debug|x64.Build.0 = Debug|Any CPU
		{D6478F31-1140-4721-9C7E-67B1F55BB30A}.Debug|x86.ActiveCfg = Debug|Any CPU
		{D6478F31-1140-4721-9C7E-67B1F55BB30A}.Debug|x86.Build.0 = Debug|Any CPU
		{D6478F31-1140-4721-9C7E-67B1F55BB30A}.Release|Any CPU.ActiveCfg = Release|Any CPU
		{D6478F31-1140-4721-9C7E-67B1F55BB30A}.Release|Any CPU.Build.0 = Release|Any CPU
		{D6478F31-1140-4721-9C7E-67B1F55BB30A}.Release|x64.ActiveCfg = Release|Any CPU
		{D6478F31-1140-4721-9C7E-67B1F55BB30A}.Release|x64.Build.0 = Release|Any CPU
		{D6478F31-1140-4721-9C7E-67B1F55BB30A}.Release|x86.ActiveCfg = Release|Any CPU
		{D6478F31-1140-4721-9C7E-67B1F55BB30A}.Release|x86.Build.0 = Release|Any CPU
		{72D002CF-A0D1-4626-B239-CE76EA56AFDD}.Debug|Any CPU.ActiveCfg = Debug|Any CPU
		{72D002CF-A0D1-4626-B239-CE76EA56AFDD}.Debug|Any CPU.Build.0 = Debug|Any CPU
		{72D002CF-A0D1-4626-B239-CE76EA56AFDD}.Debug|x64.ActiveCfg = Debug|Any CPU
		{72D002CF-A0D1-4626-B239-CE76EA56AFDD}.Debug|x64.Build.0 = Debug|Any CPU
		{72D002CF-A0D1-4626-B239-CE76EA56AFDD}.Debug|x86.ActiveCfg = Debug|Any CPU
		{72D002CF-A0D1-4626-B239-CE76EA56AFDD}.Debug|x86.Build.0 = Debug|Any CPU
		{72D002CF-A0D1-4626-B239-CE76EA56AFDD}.Release|Any CPU.ActiveCfg = Release|Any CPU
		{72D002CF-A0D1-4626-B239-CE76EA56AFDD}.Release|Any CPU.Build.0 = Release|Any CPU
		{72D002CF-A0D1-4626-B239-CE76EA56AFDD}.Release|x64.ActiveCfg = Release|Any CPU
		{72D002CF-A0D1-4626-B239-CE76EA56AFDD}.Release|x64.Build.0 = Release|Any CPU
		{72D002CF-A0D1-4626-B239-CE76EA56AFDD}.Release|x86.ActiveCfg = Release|Any CPU
		{72D002CF-A0D1-4626-B239-CE76EA56AFDD}.Release|x86.Build.0 = Release|Any CPU
		{36CBF95B-978D-436B-A677-E5F836EB7C60}.Debug|Any CPU.ActiveCfg = Debug|Any CPU
		{36CBF95B-978D-436B-A677-E5F836EB7C60}.Debug|Any CPU.Build.0 = Debug|Any CPU
		{36CBF95B-978D-436B-A677-E5F836EB7C60}.Debug|x64.ActiveCfg = Debug|Any CPU
		{36CBF95B-978D-436B-A677-E5F836EB7C60}.Debug|x64.Build.0 = Debug|Any CPU
		{36CBF95B-978D-436B-A677-E5F836EB7C60}.Debug|x86.ActiveCfg = Debug|Any CPU
		{36CBF95B-978D-436B-A677-E5F836EB7C60}.Debug|x86.Build.0 = Debug|Any CPU
		{36CBF95B-978D-436B-A677-E5F836EB7C60}.Release|Any CPU.ActiveCfg = Release|Any CPU
		{36CBF95B-978D-436B-A677-E5F836EB7C60}.Release|Any CPU.Build.0 = Release|Any CPU
		{36CBF95B-978D-436B-A677-E5F836EB7C60}.Release|x64.ActiveCfg = Release|Any CPU
		{36CBF95B-978D-436B-A677-E5F836EB7C60}.Release|x64.Build.0 = Release|Any CPU
		{36CBF95B-978D-436B-A677-E5F836EB7C60}.Release|x86.ActiveCfg = Release|Any CPU
		{36CBF95B-978D-436B-A677-E5F836EB7C60}.Release|x86.Build.0 = Release|Any CPU
		{499B6B0D-9473-4422-8EE0-D2B3FE45CF28}.Debug|Any CPU.ActiveCfg = Debug|Any CPU
		{499B6B0D-9473-4422-8EE0-D2B3FE45CF28}.Debug|Any CPU.Build.0 = Debug|Any CPU
		{499B6B0D-9473-4422-8EE0-D2B3FE45CF28}.Debug|x64.ActiveCfg = Debug|Any CPU
		{499B6B0D-9473-4422-8EE0-D2B3FE45CF28}.Debug|x64.Build.0 = Debug|Any CPU
		{499B6B0D-9473-4422-8EE0-D2B3FE45CF28}.Debug|x86.ActiveCfg = Debug|Any CPU
		{499B6B0D-9473-4422-8EE0-D2B3FE45CF28}.Debug|x86.Build.0 = Debug|Any CPU
		{499B6B0D-9473-4422-8EE0-D2B3FE45CF28}.Release|Any CPU.ActiveCfg = Release|Any CPU
		{499B6B0D-9473-4422-8EE0-D2B3FE45CF28}.Release|Any CPU.Build.0 = Release|Any CPU
		{499B6B0D-9473-4422-8EE0-D2B3FE45CF28}.Release|x64.ActiveCfg = Release|Any CPU
		{499B6B0D-9473-4422-8EE0-D2B3FE45CF28}.Release|x64.Build.0 = Release|Any CPU
		{499B6B0D-9473-4422-8EE0-D2B3FE45CF28}.Release|x86.ActiveCfg = Release|Any CPU
		{499B6B0D-9473-4422-8EE0-D2B3FE45CF28}.Release|x86.Build.0 = Release|Any CPU
		{CD6C2E5A-F06C-4666-B0C6-A3EFF0B17C2B}.Debug|Any CPU.ActiveCfg = Debug|Any CPU
		{CD6C2E5A-F06C-4666-B0C6-A3EFF0B17C2B}.Debug|Any CPU.Build.0 = Debug|Any CPU
		{CD6C2E5A-F06C-4666-B0C6-A3EFF0B17C2B}.Debug|x64.ActiveCfg = Debug|Any CPU
		{CD6C2E5A-F06C-4666-B0C6-A3EFF0B17C2B}.Debug|x64.Build.0 = Debug|Any CPU
		{CD6C2E5A-F06C-4666-B0C6-A3EFF0B17C2B}.Debug|x86.ActiveCfg = Debug|Any CPU
		{CD6C2E5A-F06C-4666-B0C6-A3EFF0B17C2B}.Debug|x86.Build.0 = Debug|Any CPU
		{CD6C2E5A-F06C-4666-B0C6-A3EFF0B17C2B}.Release|Any CPU.ActiveCfg = Release|Any CPU
		{CD6C2E5A-F06C-4666-B0C6-A3EFF0B17C2B}.Release|Any CPU.Build.0 = Release|Any CPU
		{CD6C2E5A-F06C-4666-B0C6-A3EFF0B17C2B}.Release|x64.ActiveCfg = Release|Any CPU
		{CD6C2E5A-F06C-4666-B0C6-A3EFF0B17C2B}.Release|x64.Build.0 = Release|Any CPU
		{CD6C2E5A-F06C-4666-B0C6-A3EFF0B17C2B}.Release|x86.ActiveCfg = Release|Any CPU
		{CD6C2E5A-F06C-4666-B0C6-A3EFF0B17C2B}.Release|x86.Build.0 = Release|Any CPU
		{618CD689-D1A4-4502-969C-20B21577E108}.Debug|Any CPU.ActiveCfg = Debug|Any CPU
		{618CD689-D1A4-4502-969C-20B21577E108}.Debug|Any CPU.Build.0 = Debug|Any CPU
		{618CD689-D1A4-4502-969C-20B21577E108}.Debug|x64.ActiveCfg = Debug|Any CPU
		{618CD689-D1A4-4502-969C-20B21577E108}.Debug|x64.Build.0 = Debug|Any CPU
		{618CD689-D1A4-4502-969C-20B21577E108}.Debug|x86.ActiveCfg = Debug|Any CPU
		{618CD689-D1A4-4502-969C-20B21577E108}.Debug|x86.Build.0 = Debug|Any CPU
		{618CD689-D1A4-4502-969C-20B21577E108}.Release|Any CPU.ActiveCfg = Release|Any CPU
		{618CD689-D1A4-4502-969C-20B21577E108}.Release|Any CPU.Build.0 = Release|Any CPU
		{618CD689-D1A4-4502-969C-20B21577E108}.Release|x64.ActiveCfg = Release|Any CPU
		{618CD689-D1A4-4502-969C-20B21577E108}.Release|x64.Build.0 = Release|Any CPU
		{618CD689-D1A4-4502-969C-20B21577E108}.Release|x86.ActiveCfg = Release|Any CPU
		{618CD689-D1A4-4502-969C-20B21577E108}.Release|x86.Build.0 = Release|Any CPU
		{949F1D44-4529-4CE4-8FF0-E58301CA8682}.Debug|Any CPU.ActiveCfg = Debug|Any CPU
		{949F1D44-4529-4CE4-8FF0-E58301CA8682}.Debug|Any CPU.Build.0 = Debug|Any CPU
		{949F1D44-4529-4CE4-8FF0-E58301CA8682}.Debug|x64.ActiveCfg = Debug|Any CPU
		{949F1D44-4529-4CE4-8FF0-E58301CA8682}.Debug|x64.Build.0 = Debug|Any CPU
		{949F1D44-4529-4CE4-8FF0-E58301CA8682}.Debug|x86.ActiveCfg = Debug|Any CPU
		{949F1D44-4529-4CE4-8FF0-E58301CA8682}.Debug|x86.Build.0 = Debug|Any CPU
		{949F1D44-4529-4CE4-8FF0-E58301CA8682}.Release|Any CPU.ActiveCfg = Release|Any CPU
		{949F1D44-4529-4CE4-8FF0-E58301CA8682}.Release|Any CPU.Build.0 = Release|Any CPU
		{949F1D44-4529-4CE4-8FF0-E58301CA8682}.Release|x64.ActiveCfg = Release|Any CPU
		{949F1D44-4529-4CE4-8FF0-E58301CA8682}.Release|x64.Build.0 = Release|Any CPU
		{949F1D44-4529-4CE4-8FF0-E58301CA8682}.Release|x86.ActiveCfg = Release|Any CPU
		{949F1D44-4529-4CE4-8FF0-E58301CA8682}.Release|x86.Build.0 = Release|Any CPU
		{2E617130-5536-4D86-B638-CD2DEBD7B8C6}.Debug|Any CPU.ActiveCfg = Debug|Any CPU
		{2E617130-5536-4D86-B638-CD2DEBD7B8C6}.Debug|Any CPU.Build.0 = Debug|Any CPU
		{2E617130-5536-4D86-B638-CD2DEBD7B8C6}.Debug|x64.ActiveCfg = Debug|Any CPU
		{2E617130-5536-4D86-B638-CD2DEBD7B8C6}.Debug|x64.Build.0 = Debug|Any CPU
		{2E617130-5536-4D86-B638-CD2DEBD7B8C6}.Debug|x86.ActiveCfg = Debug|Any CPU
		{2E617130-5536-4D86-B638-CD2DEBD7B8C6}.Debug|x86.Build.0 = Debug|Any CPU
		{2E617130-5536-4D86-B638-CD2DEBD7B8C6}.Release|Any CPU.ActiveCfg = Release|Any CPU
		{2E617130-5536-4D86-B638-CD2DEBD7B8C6}.Release|Any CPU.Build.0 = Release|Any CPU
		{2E617130-5536-4D86-B638-CD2DEBD7B8C6}.Release|x64.ActiveCfg = Release|Any CPU
		{2E617130-5536-4D86-B638-CD2DEBD7B8C6}.Release|x64.Build.0 = Release|Any CPU
		{2E617130-5536-4D86-B638-CD2DEBD7B8C6}.Release|x86.ActiveCfg = Release|Any CPU
		{2E617130-5536-4D86-B638-CD2DEBD7B8C6}.Release|x86.Build.0 = Release|Any CPU
		{9AFA06D5-17D0-4646-8340-DCF165FDB001}.Debug|Any CPU.ActiveCfg = Debug|Any CPU
		{9AFA06D5-17D0-4646-8340-DCF165FDB001}.Debug|Any CPU.Build.0 = Debug|Any CPU
		{9AFA06D5-17D0-4646-8340-DCF165FDB001}.Debug|x64.ActiveCfg = Debug|Any CPU
		{9AFA06D5-17D0-4646-8340-DCF165FDB001}.Debug|x64.Build.0 = Debug|Any CPU
		{9AFA06D5-17D0-4646-8340-DCF165FDB001}.Debug|x86.ActiveCfg = Debug|Any CPU
		{9AFA06D5-17D0-4646-8340-DCF165FDB001}.Debug|x86.Build.0 = Debug|Any CPU
		{9AFA06D5-17D0-4646-8340-DCF165FDB001}.Release|Any CPU.ActiveCfg = Release|Any CPU
		{9AFA06D5-17D0-4646-8340-DCF165FDB001}.Release|Any CPU.Build.0 = Release|Any CPU
		{9AFA06D5-17D0-4646-8340-DCF165FDB001}.Release|x64.ActiveCfg = Release|Any CPU
		{9AFA06D5-17D0-4646-8340-DCF165FDB001}.Release|x64.Build.0 = Release|Any CPU
		{9AFA06D5-17D0-4646-8340-DCF165FDB001}.Release|x86.ActiveCfg = Release|Any CPU
		{9AFA06D5-17D0-4646-8340-DCF165FDB001}.Release|x86.Build.0 = Release|Any CPU
		{4763651C-AE32-4863-A4EE-C475954D051F}.Debug|Any CPU.ActiveCfg = Debug|Any CPU
		{4763651C-AE32-4863-A4EE-C475954D051F}.Debug|Any CPU.Build.0 = Debug|Any CPU
		{4763651C-AE32-4863-A4EE-C475954D051F}.Debug|x64.ActiveCfg = Debug|Any CPU
		{4763651C-AE32-4863-A4EE-C475954D051F}.Debug|x64.Build.0 = Debug|Any CPU
		{4763651C-AE32-4863-A4EE-C475954D051F}.Debug|x86.ActiveCfg = Debug|Any CPU
		{4763651C-AE32-4863-A4EE-C475954D051F}.Debug|x86.Build.0 = Debug|Any CPU
		{4763651C-AE32-4863-A4EE-C475954D051F}.Release|Any CPU.ActiveCfg = Release|Any CPU
		{4763651C-AE32-4863-A4EE-C475954D051F}.Release|Any CPU.Build.0 = Release|Any CPU
		{4763651C-AE32-4863-A4EE-C475954D051F}.Release|x64.ActiveCfg = Release|Any CPU
		{4763651C-AE32-4863-A4EE-C475954D051F}.Release|x64.Build.0 = Release|Any CPU
		{4763651C-AE32-4863-A4EE-C475954D051F}.Release|x86.ActiveCfg = Release|Any CPU
		{4763651C-AE32-4863-A4EE-C475954D051F}.Release|x86.Build.0 = Release|Any CPU
		{BC7CD3E4-60F3-45D2-A2E2-5E63E9968540}.Debug|Any CPU.ActiveCfg = Debug|Any CPU
		{BC7CD3E4-60F3-45D2-A2E2-5E63E9968540}.Debug|Any CPU.Build.0 = Debug|Any CPU
		{BC7CD3E4-60F3-45D2-A2E2-5E63E9968540}.Debug|x64.ActiveCfg = Debug|Any CPU
		{BC7CD3E4-60F3-45D2-A2E2-5E63E9968540}.Debug|x64.Build.0 = Debug|Any CPU
		{BC7CD3E4-60F3-45D2-A2E2-5E63E9968540}.Debug|x86.ActiveCfg = Debug|Any CPU
		{BC7CD3E4-60F3-45D2-A2E2-5E63E9968540}.Debug|x86.Build.0 = Debug|Any CPU
		{BC7CD3E4-60F3-45D2-A2E2-5E63E9968540}.Release|Any CPU.ActiveCfg = Release|Any CPU
		{BC7CD3E4-60F3-45D2-A2E2-5E63E9968540}.Release|Any CPU.Build.0 = Release|Any CPU
		{BC7CD3E4-60F3-45D2-A2E2-5E63E9968540}.Release|x64.ActiveCfg = Release|Any CPU
		{BC7CD3E4-60F3-45D2-A2E2-5E63E9968540}.Release|x64.Build.0 = Release|Any CPU
		{BC7CD3E4-60F3-45D2-A2E2-5E63E9968540}.Release|x86.ActiveCfg = Release|Any CPU
		{BC7CD3E4-60F3-45D2-A2E2-5E63E9968540}.Release|x86.Build.0 = Release|Any CPU
		{32BC069E-9545-4CD3-AA2C-1126AECBDB19}.Debug|Any CPU.ActiveCfg = Debug|Any CPU
		{32BC069E-9545-4CD3-AA2C-1126AECBDB19}.Debug|Any CPU.Build.0 = Debug|Any CPU
		{32BC069E-9545-4CD3-AA2C-1126AECBDB19}.Debug|x64.ActiveCfg = Debug|Any CPU
		{32BC069E-9545-4CD3-AA2C-1126AECBDB19}.Debug|x64.Build.0 = Debug|Any CPU
		{32BC069E-9545-4CD3-AA2C-1126AECBDB19}.Debug|x86.ActiveCfg = Debug|Any CPU
		{32BC069E-9545-4CD3-AA2C-1126AECBDB19}.Debug|x86.Build.0 = Debug|Any CPU
		{32BC069E-9545-4CD3-AA2C-1126AECBDB19}.Release|Any CPU.ActiveCfg = Release|Any CPU
		{32BC069E-9545-4CD3-AA2C-1126AECBDB19}.Release|Any CPU.Build.0 = Release|Any CPU
		{32BC069E-9545-4CD3-AA2C-1126AECBDB19}.Release|x64.ActiveCfg = Release|Any CPU
		{32BC069E-9545-4CD3-AA2C-1126AECBDB19}.Release|x64.Build.0 = Release|Any CPU
		{32BC069E-9545-4CD3-AA2C-1126AECBDB19}.Release|x86.ActiveCfg = Release|Any CPU
		{32BC069E-9545-4CD3-AA2C-1126AECBDB19}.Release|x86.Build.0 = Release|Any CPU
		{E84D2507-A317-4917-9B69-E03B4BCDAFF0}.Debug|Any CPU.ActiveCfg = Debug|Any CPU
		{E84D2507-A317-4917-9B69-E03B4BCDAFF0}.Debug|Any CPU.Build.0 = Debug|Any CPU
		{E84D2507-A317-4917-9B69-E03B4BCDAFF0}.Debug|x64.ActiveCfg = Debug|Any CPU
		{E84D2507-A317-4917-9B69-E03B4BCDAFF0}.Debug|x64.Build.0 = Debug|Any CPU
		{E84D2507-A317-4917-9B69-E03B4BCDAFF0}.Debug|x86.ActiveCfg = Debug|Any CPU
		{E84D2507-A317-4917-9B69-E03B4BCDAFF0}.Debug|x86.Build.0 = Debug|Any CPU
		{E84D2507-A317-4917-9B69-E03B4BCDAFF0}.Release|Any CPU.ActiveCfg = Release|Any CPU
		{E84D2507-A317-4917-9B69-E03B4BCDAFF0}.Release|Any CPU.Build.0 = Release|Any CPU
		{E84D2507-A317-4917-9B69-E03B4BCDAFF0}.Release|x64.ActiveCfg = Release|Any CPU
		{E84D2507-A317-4917-9B69-E03B4BCDAFF0}.Release|x64.Build.0 = Release|Any CPU
		{E84D2507-A317-4917-9B69-E03B4BCDAFF0}.Release|x86.ActiveCfg = Release|Any CPU
		{E84D2507-A317-4917-9B69-E03B4BCDAFF0}.Release|x86.Build.0 = Release|Any CPU
		{D4AAA110-962C-4709-965D-69A1C230D5FB}.Debug|Any CPU.ActiveCfg = Debug|Any CPU
		{D4AAA110-962C-4709-965D-69A1C230D5FB}.Debug|Any CPU.Build.0 = Debug|Any CPU
		{D4AAA110-962C-4709-965D-69A1C230D5FB}.Debug|x64.ActiveCfg = Debug|Any CPU
		{D4AAA110-962C-4709-965D-69A1C230D5FB}.Debug|x64.Build.0 = Debug|Any CPU
		{D4AAA110-962C-4709-965D-69A1C230D5FB}.Debug|x86.ActiveCfg = Debug|Any CPU
		{D4AAA110-962C-4709-965D-69A1C230D5FB}.Debug|x86.Build.0 = Debug|Any CPU
		{D4AAA110-962C-4709-965D-69A1C230D5FB}.Release|Any CPU.ActiveCfg = Release|Any CPU
		{D4AAA110-962C-4709-965D-69A1C230D5FB}.Release|Any CPU.Build.0 = Release|Any CPU
		{D4AAA110-962C-4709-965D-69A1C230D5FB}.Release|x64.ActiveCfg = Release|Any CPU
		{D4AAA110-962C-4709-965D-69A1C230D5FB}.Release|x64.Build.0 = Release|Any CPU
		{D4AAA110-962C-4709-965D-69A1C230D5FB}.Release|x86.ActiveCfg = Release|Any CPU
		{D4AAA110-962C-4709-965D-69A1C230D5FB}.Release|x86.Build.0 = Release|Any CPU
		{2ADECF52-D3FA-4C44-AE53-A93E6C4AF3DC}.Debug|Any CPU.ActiveCfg = Debug|Any CPU
		{2ADECF52-D3FA-4C44-AE53-A93E6C4AF3DC}.Debug|Any CPU.Build.0 = Debug|Any CPU
		{2ADECF52-D3FA-4C44-AE53-A93E6C4AF3DC}.Debug|x64.ActiveCfg = Debug|Any CPU
		{2ADECF52-D3FA-4C44-AE53-A93E6C4AF3DC}.Debug|x64.Build.0 = Debug|Any CPU
		{2ADECF52-D3FA-4C44-AE53-A93E6C4AF3DC}.Debug|x86.ActiveCfg = Debug|Any CPU
		{2ADECF52-D3FA-4C44-AE53-A93E6C4AF3DC}.Debug|x86.Build.0 = Debug|Any CPU
		{2ADECF52-D3FA-4C44-AE53-A93E6C4AF3DC}.Release|Any CPU.ActiveCfg = Release|Any CPU
		{2ADECF52-D3FA-4C44-AE53-A93E6C4AF3DC}.Release|Any CPU.Build.0 = Release|Any CPU
		{2ADECF52-D3FA-4C44-AE53-A93E6C4AF3DC}.Release|x64.ActiveCfg = Release|Any CPU
		{2ADECF52-D3FA-4C44-AE53-A93E6C4AF3DC}.Release|x64.Build.0 = Release|Any CPU
		{2ADECF52-D3FA-4C44-AE53-A93E6C4AF3DC}.Release|x86.ActiveCfg = Release|Any CPU
		{2ADECF52-D3FA-4C44-AE53-A93E6C4AF3DC}.Release|x86.Build.0 = Release|Any CPU
		{48651CE0-BCE6-4864-A62E-4EC7B83182B9}.Debug|Any CPU.ActiveCfg = Debug|Any CPU
		{48651CE0-BCE6-4864-A62E-4EC7B83182B9}.Debug|Any CPU.Build.0 = Debug|Any CPU
		{48651CE0-BCE6-4864-A62E-4EC7B83182B9}.Debug|x64.ActiveCfg = Debug|Any CPU
		{48651CE0-BCE6-4864-A62E-4EC7B83182B9}.Debug|x64.Build.0 = Debug|Any CPU
		{48651CE0-BCE6-4864-A62E-4EC7B83182B9}.Debug|x86.ActiveCfg = Debug|Any CPU
		{48651CE0-BCE6-4864-A62E-4EC7B83182B9}.Debug|x86.Build.0 = Debug|Any CPU
		{48651CE0-BCE6-4864-A62E-4EC7B83182B9}.Release|Any CPU.ActiveCfg = Release|Any CPU
		{48651CE0-BCE6-4864-A62E-4EC7B83182B9}.Release|Any CPU.Build.0 = Release|Any CPU
		{48651CE0-BCE6-4864-A62E-4EC7B83182B9}.Release|x64.ActiveCfg = Release|Any CPU
		{48651CE0-BCE6-4864-A62E-4EC7B83182B9}.Release|x64.Build.0 = Release|Any CPU
		{48651CE0-BCE6-4864-A62E-4EC7B83182B9}.Release|x86.ActiveCfg = Release|Any CPU
		{48651CE0-BCE6-4864-A62E-4EC7B83182B9}.Release|x86.Build.0 = Release|Any CPU
		{8CF0D703-B776-46A9-B4C6-733DD1F32A61}.Debug|Any CPU.ActiveCfg = Debug|Any CPU
		{8CF0D703-B776-46A9-B4C6-733DD1F32A61}.Debug|Any CPU.Build.0 = Debug|Any CPU
		{8CF0D703-B776-46A9-B4C6-733DD1F32A61}.Debug|x64.ActiveCfg = Debug|Any CPU
		{8CF0D703-B776-46A9-B4C6-733DD1F32A61}.Debug|x64.Build.0 = Debug|Any CPU
		{8CF0D703-B776-46A9-B4C6-733DD1F32A61}.Debug|x86.ActiveCfg = Debug|Any CPU
		{8CF0D703-B776-46A9-B4C6-733DD1F32A61}.Debug|x86.Build.0 = Debug|Any CPU
		{8CF0D703-B776-46A9-B4C6-733DD1F32A61}.Release|Any CPU.ActiveCfg = Release|Any CPU
		{8CF0D703-B776-46A9-B4C6-733DD1F32A61}.Release|Any CPU.Build.0 = Release|Any CPU
		{8CF0D703-B776-46A9-B4C6-733DD1F32A61}.Release|x64.ActiveCfg = Release|Any CPU
		{8CF0D703-B776-46A9-B4C6-733DD1F32A61}.Release|x64.Build.0 = Release|Any CPU
		{8CF0D703-B776-46A9-B4C6-733DD1F32A61}.Release|x86.ActiveCfg = Release|Any CPU
		{8CF0D703-B776-46A9-B4C6-733DD1F32A61}.Release|x86.Build.0 = Release|Any CPU
		{4AD54E57-139B-480D-9A5A-76BB06A58B77}.Debug|Any CPU.ActiveCfg = Debug|Any CPU
		{4AD54E57-139B-480D-9A5A-76BB06A58B77}.Debug|Any CPU.Build.0 = Debug|Any CPU
		{4AD54E57-139B-480D-9A5A-76BB06A58B77}.Debug|x64.ActiveCfg = Debug|Any CPU
		{4AD54E57-139B-480D-9A5A-76BB06A58B77}.Debug|x64.Build.0 = Debug|Any CPU
		{4AD54E57-139B-480D-9A5A-76BB06A58B77}.Debug|x86.ActiveCfg = Debug|Any CPU
		{4AD54E57-139B-480D-9A5A-76BB06A58B77}.Debug|x86.Build.0 = Debug|Any CPU
		{4AD54E57-139B-480D-9A5A-76BB06A58B77}.Release|Any CPU.ActiveCfg = Release|Any CPU
		{4AD54E57-139B-480D-9A5A-76BB06A58B77}.Release|Any CPU.Build.0 = Release|Any CPU
		{4AD54E57-139B-480D-9A5A-76BB06A58B77}.Release|x64.ActiveCfg = Release|Any CPU
		{4AD54E57-139B-480D-9A5A-76BB06A58B77}.Release|x64.Build.0 = Release|Any CPU
		{4AD54E57-139B-480D-9A5A-76BB06A58B77}.Release|x86.ActiveCfg = Release|Any CPU
		{4AD54E57-139B-480D-9A5A-76BB06A58B77}.Release|x86.Build.0 = Release|Any CPU
		{737BDB33-4265-42C5-92AE-F1C379534771}.Debug|Any CPU.ActiveCfg = Debug|Any CPU
		{737BDB33-4265-42C5-92AE-F1C379534771}.Debug|Any CPU.Build.0 = Debug|Any CPU
		{737BDB33-4265-42C5-92AE-F1C379534771}.Debug|x64.ActiveCfg = Debug|Any CPU
		{737BDB33-4265-42C5-92AE-F1C379534771}.Debug|x64.Build.0 = Debug|Any CPU
		{737BDB33-4265-42C5-92AE-F1C379534771}.Debug|x86.ActiveCfg = Debug|Any CPU
		{737BDB33-4265-42C5-92AE-F1C379534771}.Debug|x86.Build.0 = Debug|Any CPU
		{737BDB33-4265-42C5-92AE-F1C379534771}.Release|Any CPU.ActiveCfg = Release|Any CPU
		{737BDB33-4265-42C5-92AE-F1C379534771}.Release|Any CPU.Build.0 = Release|Any CPU
		{737BDB33-4265-42C5-92AE-F1C379534771}.Release|x64.ActiveCfg = Release|Any CPU
		{737BDB33-4265-42C5-92AE-F1C379534771}.Release|x64.Build.0 = Release|Any CPU
		{737BDB33-4265-42C5-92AE-F1C379534771}.Release|x86.ActiveCfg = Release|Any CPU
		{737BDB33-4265-42C5-92AE-F1C379534771}.Release|x86.Build.0 = Release|Any CPU
		{C34B1024-72B1-4123-9D10-6441EA510D45}.Debug|Any CPU.ActiveCfg = Debug|Any CPU
		{C34B1024-72B1-4123-9D10-6441EA510D45}.Debug|Any CPU.Build.0 = Debug|Any CPU
		{C34B1024-72B1-4123-9D10-6441EA510D45}.Debug|x64.ActiveCfg = Debug|Any CPU
		{C34B1024-72B1-4123-9D10-6441EA510D45}.Debug|x64.Build.0 = Debug|Any CPU
		{C34B1024-72B1-4123-9D10-6441EA510D45}.Debug|x86.ActiveCfg = Debug|Any CPU
		{C34B1024-72B1-4123-9D10-6441EA510D45}.Debug|x86.Build.0 = Debug|Any CPU
		{C34B1024-72B1-4123-9D10-6441EA510D45}.Release|Any CPU.ActiveCfg = Release|Any CPU
		{C34B1024-72B1-4123-9D10-6441EA510D45}.Release|Any CPU.Build.0 = Release|Any CPU
		{C34B1024-72B1-4123-9D10-6441EA510D45}.Release|x64.ActiveCfg = Release|Any CPU
		{C34B1024-72B1-4123-9D10-6441EA510D45}.Release|x64.Build.0 = Release|Any CPU
		{C34B1024-72B1-4123-9D10-6441EA510D45}.Release|x86.ActiveCfg = Release|Any CPU
		{C34B1024-72B1-4123-9D10-6441EA510D45}.Release|x86.Build.0 = Release|Any CPU
		{C3C61A1D-B119-47B8-8752-A38F9FBF4DE0}.Debug|Any CPU.ActiveCfg = Debug|Any CPU
		{C3C61A1D-B119-47B8-8752-A38F9FBF4DE0}.Debug|Any CPU.Build.0 = Debug|Any CPU
		{C3C61A1D-B119-47B8-8752-A38F9FBF4DE0}.Debug|x64.ActiveCfg = Debug|Any CPU
		{C3C61A1D-B119-47B8-8752-A38F9FBF4DE0}.Debug|x64.Build.0 = Debug|Any CPU
		{C3C61A1D-B119-47B8-8752-A38F9FBF4DE0}.Debug|x86.ActiveCfg = Debug|Any CPU
		{C3C61A1D-B119-47B8-8752-A38F9FBF4DE0}.Debug|x86.Build.0 = Debug|Any CPU
		{C3C61A1D-B119-47B8-8752-A38F9FBF4DE0}.Release|Any CPU.ActiveCfg = Release|Any CPU
		{C3C61A1D-B119-47B8-8752-A38F9FBF4DE0}.Release|Any CPU.Build.0 = Release|Any CPU
		{C3C61A1D-B119-47B8-8752-A38F9FBF4DE0}.Release|x64.ActiveCfg = Release|Any CPU
		{C3C61A1D-B119-47B8-8752-A38F9FBF4DE0}.Release|x64.Build.0 = Release|Any CPU
		{C3C61A1D-B119-47B8-8752-A38F9FBF4DE0}.Release|x86.ActiveCfg = Release|Any CPU
		{C3C61A1D-B119-47B8-8752-A38F9FBF4DE0}.Release|x86.Build.0 = Release|Any CPU
		{6DD4EFF0-90DC-4770-B8D3-CDB491C8B5F4}.Debug|Any CPU.ActiveCfg = Debug|x64
		{6DD4EFF0-90DC-4770-B8D3-CDB491C8B5F4}.Debug|Any CPU.Build.0 = Debug|x64
		{6DD4EFF0-90DC-4770-B8D3-CDB491C8B5F4}.Debug|x64.ActiveCfg = Debug|x64
		{6DD4EFF0-90DC-4770-B8D3-CDB491C8B5F4}.Debug|x64.Build.0 = Debug|x64
		{6DD4EFF0-90DC-4770-B8D3-CDB491C8B5F4}.Debug|x86.ActiveCfg = Debug|Win32
		{6DD4EFF0-90DC-4770-B8D3-CDB491C8B5F4}.Debug|x86.Build.0 = Debug|Win32
		{6DD4EFF0-90DC-4770-B8D3-CDB491C8B5F4}.Release|Any CPU.ActiveCfg = Release|x64
		{6DD4EFF0-90DC-4770-B8D3-CDB491C8B5F4}.Release|Any CPU.Build.0 = Release|x64
		{6DD4EFF0-90DC-4770-B8D3-CDB491C8B5F4}.Release|x64.ActiveCfg = Release|x64
		{6DD4EFF0-90DC-4770-B8D3-CDB491C8B5F4}.Release|x64.Build.0 = Release|x64
		{6DD4EFF0-90DC-4770-B8D3-CDB491C8B5F4}.Release|x86.ActiveCfg = Release|Win32
		{6DD4EFF0-90DC-4770-B8D3-CDB491C8B5F4}.Release|x86.Build.0 = Release|Win32
		{52C9EBCD-8D0E-44D2-9773-0F854588B091}.Debug|Any CPU.ActiveCfg = Debug|Any CPU
		{52C9EBCD-8D0E-44D2-9773-0F854588B091}.Debug|Any CPU.Build.0 = Debug|Any CPU
		{52C9EBCD-8D0E-44D2-9773-0F854588B091}.Debug|x64.ActiveCfg = Debug|Any CPU
		{52C9EBCD-8D0E-44D2-9773-0F854588B091}.Debug|x64.Build.0 = Debug|Any CPU
		{52C9EBCD-8D0E-44D2-9773-0F854588B091}.Debug|x86.ActiveCfg = Debug|Any CPU
		{52C9EBCD-8D0E-44D2-9773-0F854588B091}.Debug|x86.Build.0 = Debug|Any CPU
		{52C9EBCD-8D0E-44D2-9773-0F854588B091}.Release|Any CPU.ActiveCfg = Release|Any CPU
		{52C9EBCD-8D0E-44D2-9773-0F854588B091}.Release|Any CPU.Build.0 = Release|Any CPU
		{52C9EBCD-8D0E-44D2-9773-0F854588B091}.Release|x64.ActiveCfg = Release|Any CPU
		{52C9EBCD-8D0E-44D2-9773-0F854588B091}.Release|x64.Build.0 = Release|Any CPU
		{52C9EBCD-8D0E-44D2-9773-0F854588B091}.Release|x86.ActiveCfg = Release|Any CPU
		{52C9EBCD-8D0E-44D2-9773-0F854588B091}.Release|x86.Build.0 = Release|Any CPU
		{12F650AF-8E8D-4D88-94FA-0F49316087CF}.Debug|Any CPU.ActiveCfg = Debug|Any CPU
		{12F650AF-8E8D-4D88-94FA-0F49316087CF}.Debug|Any CPU.Build.0 = Debug|Any CPU
		{12F650AF-8E8D-4D88-94FA-0F49316087CF}.Debug|x64.ActiveCfg = Debug|Any CPU
		{12F650AF-8E8D-4D88-94FA-0F49316087CF}.Debug|x64.Build.0 = Debug|Any CPU
		{12F650AF-8E8D-4D88-94FA-0F49316087CF}.Debug|x86.ActiveCfg = Debug|Any CPU
		{12F650AF-8E8D-4D88-94FA-0F49316087CF}.Debug|x86.Build.0 = Debug|Any CPU
		{12F650AF-8E8D-4D88-94FA-0F49316087CF}.Release|Any CPU.ActiveCfg = Release|Any CPU
		{12F650AF-8E8D-4D88-94FA-0F49316087CF}.Release|Any CPU.Build.0 = Release|Any CPU
		{12F650AF-8E8D-4D88-94FA-0F49316087CF}.Release|x64.ActiveCfg = Release|Any CPU
		{12F650AF-8E8D-4D88-94FA-0F49316087CF}.Release|x64.Build.0 = Release|Any CPU
		{12F650AF-8E8D-4D88-94FA-0F49316087CF}.Release|x86.ActiveCfg = Release|Any CPU
		{12F650AF-8E8D-4D88-94FA-0F49316087CF}.Release|x86.Build.0 = Release|Any CPU
		{D68AF374-A653-4AA0-875A-2D1D1F22B42C}.Debug|Any CPU.ActiveCfg = Debug|Any CPU
		{D68AF374-A653-4AA0-875A-2D1D1F22B42C}.Debug|Any CPU.Build.0 = Debug|Any CPU
		{D68AF374-A653-4AA0-875A-2D1D1F22B42C}.Debug|x64.ActiveCfg = Debug|Any CPU
		{D68AF374-A653-4AA0-875A-2D1D1F22B42C}.Debug|x64.Build.0 = Debug|Any CPU
		{D68AF374-A653-4AA0-875A-2D1D1F22B42C}.Debug|x86.ActiveCfg = Debug|Any CPU
		{D68AF374-A653-4AA0-875A-2D1D1F22B42C}.Debug|x86.Build.0 = Debug|Any CPU
		{D68AF374-A653-4AA0-875A-2D1D1F22B42C}.Release|Any CPU.ActiveCfg = Release|Any CPU
		{D68AF374-A653-4AA0-875A-2D1D1F22B42C}.Release|Any CPU.Build.0 = Release|Any CPU
		{D68AF374-A653-4AA0-875A-2D1D1F22B42C}.Release|x64.ActiveCfg = Release|Any CPU
		{D68AF374-A653-4AA0-875A-2D1D1F22B42C}.Release|x64.Build.0 = Release|Any CPU
		{D68AF374-A653-4AA0-875A-2D1D1F22B42C}.Release|x86.ActiveCfg = Release|Any CPU
		{D68AF374-A653-4AA0-875A-2D1D1F22B42C}.Release|x86.Build.0 = Release|Any CPU
		{453C1450-3D32-403C-9208-C350AA8165A5}.Debug|Any CPU.ActiveCfg = Debug|x64
		{453C1450-3D32-403C-9208-C350AA8165A5}.Debug|Any CPU.Build.0 = Debug|x64
		{453C1450-3D32-403C-9208-C350AA8165A5}.Debug|x64.ActiveCfg = Debug|x64
		{453C1450-3D32-403C-9208-C350AA8165A5}.Debug|x64.Build.0 = Debug|x64
		{453C1450-3D32-403C-9208-C350AA8165A5}.Debug|x86.ActiveCfg = Debug|Win32
		{453C1450-3D32-403C-9208-C350AA8165A5}.Debug|x86.Build.0 = Debug|Win32
		{453C1450-3D32-403C-9208-C350AA8165A5}.Release|Any CPU.ActiveCfg = Release|x64
		{453C1450-3D32-403C-9208-C350AA8165A5}.Release|Any CPU.Build.0 = Release|x64
		{453C1450-3D32-403C-9208-C350AA8165A5}.Release|x64.ActiveCfg = Release|x64
		{453C1450-3D32-403C-9208-C350AA8165A5}.Release|x64.Build.0 = Release|x64
		{453C1450-3D32-403C-9208-C350AA8165A5}.Release|x86.ActiveCfg = Release|Win32
		{453C1450-3D32-403C-9208-C350AA8165A5}.Release|x86.Build.0 = Release|Win32
		{C32EF34C-393B-4860-B0C7-547FAA351476}.Debug|Any CPU.ActiveCfg = Debug|Any CPU
		{C32EF34C-393B-4860-B0C7-547FAA351476}.Debug|Any CPU.Build.0 = Debug|Any CPU
		{C32EF34C-393B-4860-B0C7-547FAA351476}.Debug|x64.ActiveCfg = Debug|Any CPU
		{C32EF34C-393B-4860-B0C7-547FAA351476}.Debug|x64.Build.0 = Debug|Any CPU
		{C32EF34C-393B-4860-B0C7-547FAA351476}.Debug|x86.ActiveCfg = Debug|Any CPU
		{C32EF34C-393B-4860-B0C7-547FAA351476}.Debug|x86.Build.0 = Debug|Any CPU
		{C32EF34C-393B-4860-B0C7-547FAA351476}.Release|Any CPU.ActiveCfg = Release|Any CPU
		{C32EF34C-393B-4860-B0C7-547FAA351476}.Release|Any CPU.Build.0 = Release|Any CPU
		{C32EF34C-393B-4860-B0C7-547FAA351476}.Release|x64.ActiveCfg = Release|Any CPU
		{C32EF34C-393B-4860-B0C7-547FAA351476}.Release|x64.Build.0 = Release|Any CPU
		{C32EF34C-393B-4860-B0C7-547FAA351476}.Release|x86.ActiveCfg = Release|Any CPU
		{C32EF34C-393B-4860-B0C7-547FAA351476}.Release|x86.Build.0 = Release|Any CPU
		{900944F4-40F2-4B4C-BEEB-80BA176A1A4F}.Debug|Any CPU.ActiveCfg = Debug|Any CPU
		{900944F4-40F2-4B4C-BEEB-80BA176A1A4F}.Debug|Any CPU.Build.0 = Debug|Any CPU
		{900944F4-40F2-4B4C-BEEB-80BA176A1A4F}.Debug|x64.ActiveCfg = Debug|Any CPU
		{900944F4-40F2-4B4C-BEEB-80BA176A1A4F}.Debug|x64.Build.0 = Debug|Any CPU
		{900944F4-40F2-4B4C-BEEB-80BA176A1A4F}.Debug|x86.ActiveCfg = Debug|Any CPU
		{900944F4-40F2-4B4C-BEEB-80BA176A1A4F}.Debug|x86.Build.0 = Debug|Any CPU
		{900944F4-40F2-4B4C-BEEB-80BA176A1A4F}.Release|Any CPU.ActiveCfg = Release|Any CPU
		{900944F4-40F2-4B4C-BEEB-80BA176A1A4F}.Release|Any CPU.Build.0 = Release|Any CPU
		{900944F4-40F2-4B4C-BEEB-80BA176A1A4F}.Release|x64.ActiveCfg = Release|Any CPU
		{900944F4-40F2-4B4C-BEEB-80BA176A1A4F}.Release|x64.Build.0 = Release|Any CPU
		{900944F4-40F2-4B4C-BEEB-80BA176A1A4F}.Release|x86.ActiveCfg = Release|Any CPU
		{900944F4-40F2-4B4C-BEEB-80BA176A1A4F}.Release|x86.Build.0 = Release|Any CPU
		{8BEAACAD-FDBB-4AA2-B170-512B5A84729B}.Debug|Any CPU.ActiveCfg = Debug|Any CPU
		{8BEAACAD-FDBB-4AA2-B170-512B5A84729B}.Debug|Any CPU.Build.0 = Debug|Any CPU
		{8BEAACAD-FDBB-4AA2-B170-512B5A84729B}.Debug|x64.ActiveCfg = Debug|Any CPU
		{8BEAACAD-FDBB-4AA2-B170-512B5A84729B}.Debug|x64.Build.0 = Debug|Any CPU
		{8BEAACAD-FDBB-4AA2-B170-512B5A84729B}.Debug|x86.ActiveCfg = Debug|Any CPU
		{8BEAACAD-FDBB-4AA2-B170-512B5A84729B}.Debug|x86.Build.0 = Debug|Any CPU
		{8BEAACAD-FDBB-4AA2-B170-512B5A84729B}.Release|Any CPU.ActiveCfg = Release|Any CPU
		{8BEAACAD-FDBB-4AA2-B170-512B5A84729B}.Release|Any CPU.Build.0 = Release|Any CPU
		{8BEAACAD-FDBB-4AA2-B170-512B5A84729B}.Release|x64.ActiveCfg = Release|Any CPU
		{8BEAACAD-FDBB-4AA2-B170-512B5A84729B}.Release|x64.Build.0 = Release|Any CPU
		{8BEAACAD-FDBB-4AA2-B170-512B5A84729B}.Release|x86.ActiveCfg = Release|Any CPU
		{8BEAACAD-FDBB-4AA2-B170-512B5A84729B}.Release|x86.Build.0 = Release|Any CPU
		{6B7594B9-3829-4592-8CC1-49CDAB95C5C4}.Debug|Any CPU.ActiveCfg = Debug|Any CPU
		{6B7594B9-3829-4592-8CC1-49CDAB95C5C4}.Debug|Any CPU.Build.0 = Debug|Any CPU
		{6B7594B9-3829-4592-8CC1-49CDAB95C5C4}.Debug|x64.ActiveCfg = Debug|Any CPU
		{6B7594B9-3829-4592-8CC1-49CDAB95C5C4}.Debug|x64.Build.0 = Debug|Any CPU
		{6B7594B9-3829-4592-8CC1-49CDAB95C5C4}.Debug|x86.ActiveCfg = Debug|Any CPU
		{6B7594B9-3829-4592-8CC1-49CDAB95C5C4}.Debug|x86.Build.0 = Debug|Any CPU
		{6B7594B9-3829-4592-8CC1-49CDAB95C5C4}.Release|Any CPU.ActiveCfg = Release|Any CPU
		{6B7594B9-3829-4592-8CC1-49CDAB95C5C4}.Release|Any CPU.Build.0 = Release|Any CPU
		{6B7594B9-3829-4592-8CC1-49CDAB95C5C4}.Release|x64.ActiveCfg = Release|Any CPU
		{6B7594B9-3829-4592-8CC1-49CDAB95C5C4}.Release|x64.Build.0 = Release|Any CPU
		{6B7594B9-3829-4592-8CC1-49CDAB95C5C4}.Release|x86.ActiveCfg = Release|Any CPU
		{6B7594B9-3829-4592-8CC1-49CDAB95C5C4}.Release|x86.Build.0 = Release|Any CPU
		{6F3127CA-8D6C-42D9-AF19-C361AE59447A}.Debug|Any CPU.ActiveCfg = Debug|Any CPU
		{6F3127CA-8D6C-42D9-AF19-C361AE59447A}.Debug|Any CPU.Build.0 = Debug|Any CPU
		{6F3127CA-8D6C-42D9-AF19-C361AE59447A}.Debug|x64.ActiveCfg = Debug|Any CPU
		{6F3127CA-8D6C-42D9-AF19-C361AE59447A}.Debug|x64.Build.0 = Debug|Any CPU
		{6F3127CA-8D6C-42D9-AF19-C361AE59447A}.Debug|x86.ActiveCfg = Debug|Any CPU
		{6F3127CA-8D6C-42D9-AF19-C361AE59447A}.Debug|x86.Build.0 = Debug|Any CPU
		{6F3127CA-8D6C-42D9-AF19-C361AE59447A}.Release|Any CPU.ActiveCfg = Release|Any CPU
		{6F3127CA-8D6C-42D9-AF19-C361AE59447A}.Release|Any CPU.Build.0 = Release|Any CPU
		{6F3127CA-8D6C-42D9-AF19-C361AE59447A}.Release|x64.ActiveCfg = Release|Any CPU
		{6F3127CA-8D6C-42D9-AF19-C361AE59447A}.Release|x64.Build.0 = Release|Any CPU
		{6F3127CA-8D6C-42D9-AF19-C361AE59447A}.Release|x86.ActiveCfg = Release|Any CPU
		{6F3127CA-8D6C-42D9-AF19-C361AE59447A}.Release|x86.Build.0 = Release|Any CPU
		{3419AB67-F892-4AD8-A88A-1AF7BDD75602}.Debug|Any CPU.ActiveCfg = Debug|Any CPU
		{3419AB67-F892-4AD8-A88A-1AF7BDD75602}.Debug|Any CPU.Build.0 = Debug|Any CPU
		{3419AB67-F892-4AD8-A88A-1AF7BDD75602}.Debug|x64.ActiveCfg = Debug|Any CPU
		{3419AB67-F892-4AD8-A88A-1AF7BDD75602}.Debug|x64.Build.0 = Debug|Any CPU
		{3419AB67-F892-4AD8-A88A-1AF7BDD75602}.Debug|x86.ActiveCfg = Debug|Any CPU
		{3419AB67-F892-4AD8-A88A-1AF7BDD75602}.Debug|x86.Build.0 = Debug|Any CPU
		{3419AB67-F892-4AD8-A88A-1AF7BDD75602}.Release|Any CPU.ActiveCfg = Release|Any CPU
		{3419AB67-F892-4AD8-A88A-1AF7BDD75602}.Release|Any CPU.Build.0 = Release|Any CPU
		{3419AB67-F892-4AD8-A88A-1AF7BDD75602}.Release|x64.ActiveCfg = Release|Any CPU
		{3419AB67-F892-4AD8-A88A-1AF7BDD75602}.Release|x64.Build.0 = Release|Any CPU
		{3419AB67-F892-4AD8-A88A-1AF7BDD75602}.Release|x86.ActiveCfg = Release|Any CPU
		{3419AB67-F892-4AD8-A88A-1AF7BDD75602}.Release|x86.Build.0 = Release|Any CPU
		{74060B86-2BD0-495A-86F9-4D2A8A00730F}.Debug|Any CPU.ActiveCfg = Debug|Any CPU
		{74060B86-2BD0-495A-86F9-4D2A8A00730F}.Debug|Any CPU.Build.0 = Debug|Any CPU
		{74060B86-2BD0-495A-86F9-4D2A8A00730F}.Debug|x64.ActiveCfg = Debug|Any CPU
		{74060B86-2BD0-495A-86F9-4D2A8A00730F}.Debug|x64.Build.0 = Debug|Any CPU
		{74060B86-2BD0-495A-86F9-4D2A8A00730F}.Debug|x86.ActiveCfg = Debug|Any CPU
		{74060B86-2BD0-495A-86F9-4D2A8A00730F}.Debug|x86.Build.0 = Debug|Any CPU
		{74060B86-2BD0-495A-86F9-4D2A8A00730F}.Release|Any CPU.ActiveCfg = Release|Any CPU
		{74060B86-2BD0-495A-86F9-4D2A8A00730F}.Release|Any CPU.Build.0 = Release|Any CPU
		{74060B86-2BD0-495A-86F9-4D2A8A00730F}.Release|x64.ActiveCfg = Release|Any CPU
		{74060B86-2BD0-495A-86F9-4D2A8A00730F}.Release|x64.Build.0 = Release|Any CPU
		{74060B86-2BD0-495A-86F9-4D2A8A00730F}.Release|x86.ActiveCfg = Release|Any CPU
		{74060B86-2BD0-495A-86F9-4D2A8A00730F}.Release|x86.Build.0 = Release|Any CPU
	EndGlobalSection
	GlobalSection(SolutionProperties) = preSolution
		HideSolutionNode = FALSE
	EndGlobalSection
	GlobalSection(ExtensibilityGlobals) = postSolution
		SolutionGuid = {2491A07D-8698-4F13-89AD-EDFDB407D5FD}
	EndGlobalSection
EndGlobal
